// !$*UTF8*$!
{
	archiveVersion = 1;
	classes = {
	};
	objectVersion = 56;
	objects = {

/* Begin PBXBuildFile section */
		091210C1299617C100C5577E /* AppDelegate.swift in Sources */ = {isa = PBXBuildFile; fileRef = 091210C0299617C100C5577E /* AppDelegate.swift */; };
		091210C3299617C100C5577E /* SceneDelegate.swift in Sources */ = {isa = PBXBuildFile; fileRef = 091210C2299617C100C5577E /* SceneDelegate.swift */; };
		091210C5299617C100C5577E /* ViewController.swift in Sources */ = {isa = PBXBuildFile; fileRef = 091210C4299617C100C5577E /* ViewController.swift */; };
		091210CA299617C400C5577E /* Assets.xcassets in Resources */ = {isa = PBXBuildFile; fileRef = 091210C9299617C400C5577E /* Assets.xcassets */; };
		091210CD299617C400C5577E /* LaunchScreen.storyboard in Resources */ = {isa = PBXBuildFile; fileRef = 091210CB299617C400C5577E /* LaunchScreen.storyboard */; };
		091210D629961D1100C5577E /* WishKit in Frameworks */ = {isa = PBXBuildFile; productRef = 091210D529961D1100C5577E /* WishKit */; };
		091398452AF1A6AC00AA46EA /* SheetExampleView.swift in Sources */ = {isa = PBXBuildFile; fileRef = 091398442AF1A6AC00AA46EA /* SheetExampleView.swift */; };
		0930AD262AF1AE680004761E /* wishkit_ios_exampleTests.swift in Sources */ = {isa = PBXBuildFile; fileRef = 0930AD252AF1AE680004761E /* wishkit_ios_exampleTests.swift */; };
		0930AD332AF1AE800004761E /* wishkit_ios_exampleUITests.swift in Sources */ = {isa = PBXBuildFile; fileRef = 0930AD322AF1AE800004761E /* wishkit_ios_exampleUITests.swift */; };
		0930AD352AF1AE800004761E /* wishkit_ios_exampleUITestsLaunchTests.swift in Sources */ = {isa = PBXBuildFile; fileRef = 0930AD342AF1AE800004761E /* wishkit_ios_exampleUITestsLaunchTests.swift */; };
		09C5DECD2A75854200DDF72A /* NavigationExampleVC.swift in Sources */ = {isa = PBXBuildFile; fileRef = 09C5DECC2A75854200DDF72A /* NavigationExampleVC.swift */; };
/* End PBXBuildFile section */

/* Begin PBXContainerItemProxy section */
		0930AD272AF1AE680004761E /* PBXContainerItemProxy */ = {
			isa = PBXContainerItemProxy;
			containerPortal = 091210B5299617C100C5577E /* Project object */;
			proxyType = 1;
			remoteGlobalIDString = 091210BC299617C100C5577E;
			remoteInfo = "wishkit-ios-example";
		};
		0930AD362AF1AE800004761E /* PBXContainerItemProxy */ = {
			isa = PBXContainerItemProxy;
			containerPortal = 091210B5299617C100C5577E /* Project object */;
			proxyType = 1;
			remoteGlobalIDString = 091210BC299617C100C5577E;
			remoteInfo = "wishkit-ios-example";
		};
/* End PBXContainerItemProxy section */

/* Begin PBXFileReference section */
		091210BD299617C100C5577E /* wishkit-ios-example.app */ = {isa = PBXFileReference; explicitFileType = wrapper.application; includeInIndex = 0; path = "wishkit-ios-example.app"; sourceTree = BUILT_PRODUCTS_DIR; };
		091210C0299617C100C5577E /* AppDelegate.swift */ = {isa = PBXFileReference; lastKnownFileType = sourcecode.swift; path = AppDelegate.swift; sourceTree = "<group>"; };
		091210C2299617C100C5577E /* SceneDelegate.swift */ = {isa = PBXFileReference; lastKnownFileType = sourcecode.swift; path = SceneDelegate.swift; sourceTree = "<group>"; };
		091210C4299617C100C5577E /* ViewController.swift */ = {isa = PBXFileReference; lastKnownFileType = sourcecode.swift; path = ViewController.swift; sourceTree = "<group>"; };
		091210C9299617C400C5577E /* Assets.xcassets */ = {isa = PBXFileReference; lastKnownFileType = folder.assetcatalog; path = Assets.xcassets; sourceTree = "<group>"; };
		091210CC299617C400C5577E /* Base */ = {isa = PBXFileReference; lastKnownFileType = file.storyboard; name = Base; path = Base.lproj/LaunchScreen.storyboard; sourceTree = "<group>"; };
		091210CE299617C400C5577E /* Info.plist */ = {isa = PBXFileReference; lastKnownFileType = text.plist.xml; path = Info.plist; sourceTree = "<group>"; };
		091398442AF1A6AC00AA46EA /* SheetExampleView.swift */ = {isa = PBXFileReference; lastKnownFileType = sourcecode.swift; path = SheetExampleView.swift; sourceTree = "<group>"; };
		0930AD232AF1AE680004761E /* wishkit-ios-exampleTests.xctest */ = {isa = PBXFileReference; explicitFileType = wrapper.cfbundle; includeInIndex = 0; path = "wishkit-ios-exampleTests.xctest"; sourceTree = BUILT_PRODUCTS_DIR; };
		0930AD252AF1AE680004761E /* wishkit_ios_exampleTests.swift */ = {isa = PBXFileReference; lastKnownFileType = sourcecode.swift; path = wishkit_ios_exampleTests.swift; sourceTree = "<group>"; };
		0930AD302AF1AE800004761E /* wishkit-ios-exampleUITests.xctest */ = {isa = PBXFileReference; explicitFileType = wrapper.cfbundle; includeInIndex = 0; path = "wishkit-ios-exampleUITests.xctest"; sourceTree = BUILT_PRODUCTS_DIR; };
		0930AD322AF1AE800004761E /* wishkit_ios_exampleUITests.swift */ = {isa = PBXFileReference; lastKnownFileType = sourcecode.swift; path = wishkit_ios_exampleUITests.swift; sourceTree = "<group>"; };
		0930AD342AF1AE800004761E /* wishkit_ios_exampleUITestsLaunchTests.swift */ = {isa = PBXFileReference; lastKnownFileType = sourcecode.swift; path = wishkit_ios_exampleUITestsLaunchTests.swift; sourceTree = "<group>"; };
		09C5DECC2A75854200DDF72A /* NavigationExampleVC.swift */ = {isa = PBXFileReference; lastKnownFileType = sourcecode.swift; path = NavigationExampleVC.swift; sourceTree = "<group>"; };
/* End PBXFileReference section */

/* Begin PBXFrameworksBuildPhase section */
		091210BA299617C100C5577E /* Frameworks */ = {
			isa = PBXFrameworksBuildPhase;
			buildActionMask = 2147483647;
			files = (
				091210D629961D1100C5577E /* WishKit in Frameworks */,
			);
			runOnlyForDeploymentPostprocessing = 0;
		};
		0930AD202AF1AE680004761E /* Frameworks */ = {
			isa = PBXFrameworksBuildPhase;
			buildActionMask = 2147483647;
			files = (
			);
			runOnlyForDeploymentPostprocessing = 0;
		};
		0930AD2D2AF1AE800004761E /* Frameworks */ = {
			isa = PBXFrameworksBuildPhase;
			buildActionMask = 2147483647;
			files = (
			);
			runOnlyForDeploymentPostprocessing = 0;
		};
/* End PBXFrameworksBuildPhase section */

/* Begin PBXGroup section */
		091210B4299617C100C5577E = {
			isa = PBXGroup;
			children = (
				091210BF299617C100C5577E /* wishkit-ios-example */,
				0930AD242AF1AE680004761E /* wishkit-ios-exampleTests */,
				0930AD312AF1AE800004761E /* wishkit-ios-exampleUITests */,
				091210BE299617C100C5577E /* Products */,
				09C5DEC62A747AAF00DDF72A /* Frameworks */,
			);
			sourceTree = "<group>";
		};
		091210BE299617C100C5577E /* Products */ = {
			isa = PBXGroup;
			children = (
				091210BD299617C100C5577E /* wishkit-ios-example.app */,
				0930AD232AF1AE680004761E /* wishkit-ios-exampleTests.xctest */,
				0930AD302AF1AE800004761E /* wishkit-ios-exampleUITests.xctest */,
			);
			name = Products;
			sourceTree = "<group>";
		};
		091210BF299617C100C5577E /* wishkit-ios-example */ = {
			isa = PBXGroup;
			children = (
				091210C0299617C100C5577E /* AppDelegate.swift */,
				091210C2299617C100C5577E /* SceneDelegate.swift */,
				09C5DECC2A75854200DDF72A /* NavigationExampleVC.swift */,
				091210C4299617C100C5577E /* ViewController.swift */,
				091210C9299617C400C5577E /* Assets.xcassets */,
				091210CB299617C400C5577E /* LaunchScreen.storyboard */,
				091210CE299617C400C5577E /* Info.plist */,
				091398442AF1A6AC00AA46EA /* SheetExampleView.swift */,
			);
			path = "wishkit-ios-example";
			sourceTree = "<group>";
		};
		0930AD242AF1AE680004761E /* wishkit-ios-exampleTests */ = {
			isa = PBXGroup;
			children = (
				0930AD252AF1AE680004761E /* wishkit_ios_exampleTests.swift */,
			);
			path = "wishkit-ios-exampleTests";
			sourceTree = "<group>";
		};
		0930AD312AF1AE800004761E /* wishkit-ios-exampleUITests */ = {
			isa = PBXGroup;
			children = (
				0930AD322AF1AE800004761E /* wishkit_ios_exampleUITests.swift */,
				0930AD342AF1AE800004761E /* wishkit_ios_exampleUITestsLaunchTests.swift */,
			);
			path = "wishkit-ios-exampleUITests";
			sourceTree = "<group>";
		};
		09C5DEC62A747AAF00DDF72A /* Frameworks */ = {
			isa = PBXGroup;
			children = (
			);
			name = Frameworks;
			sourceTree = "<group>";
		};
/* End PBXGroup section */

/* Begin PBXNativeTarget section */
		091210BC299617C100C5577E /* wishkit-ios-example */ = {
			isa = PBXNativeTarget;
			buildConfigurationList = 091210D1299617C400C5577E /* Build configuration list for PBXNativeTarget "wishkit-ios-example" */;
			buildPhases = (
				091210B9299617C100C5577E /* Sources */,
				091210BA299617C100C5577E /* Frameworks */,
				091210BB299617C100C5577E /* Resources */,
			);
			buildRules = (
			);
			dependencies = (
			);
			name = "wishkit-ios-example";
			packageProductDependencies = (
				091210D529961D1100C5577E /* WishKit */,
			);
			productName = "wishkit-ios-example";
			productReference = 091210BD299617C100C5577E /* wishkit-ios-example.app */;
			productType = "com.apple.product-type.application";
		};
		0930AD222AF1AE680004761E /* wishkit-ios-exampleTests */ = {
			isa = PBXNativeTarget;
			buildConfigurationList = 0930AD292AF1AE680004761E /* Build configuration list for PBXNativeTarget "wishkit-ios-exampleTests" */;
			buildPhases = (
				0930AD1F2AF1AE680004761E /* Sources */,
				0930AD202AF1AE680004761E /* Frameworks */,
				0930AD212AF1AE680004761E /* Resources */,
			);
			buildRules = (
			);
			dependencies = (
				0930AD282AF1AE680004761E /* PBXTargetDependency */,
			);
			name = "wishkit-ios-exampleTests";
			productName = "wishkit-ios-exampleTests";
			productReference = 0930AD232AF1AE680004761E /* wishkit-ios-exampleTests.xctest */;
			productType = "com.apple.product-type.bundle.unit-test";
		};
		0930AD2F2AF1AE800004761E /* wishkit-ios-exampleUITests */ = {
			isa = PBXNativeTarget;
			buildConfigurationList = 0930AD382AF1AE800004761E /* Build configuration list for PBXNativeTarget "wishkit-ios-exampleUITests" */;
			buildPhases = (
				0930AD2C2AF1AE800004761E /* Sources */,
				0930AD2D2AF1AE800004761E /* Frameworks */,
				0930AD2E2AF1AE800004761E /* Resources */,
			);
			buildRules = (
			);
			dependencies = (
				0930AD372AF1AE800004761E /* PBXTargetDependency */,
			);
			name = "wishkit-ios-exampleUITests";
			productName = "wishkit-ios-exampleUITests";
			productReference = 0930AD302AF1AE800004761E /* wishkit-ios-exampleUITests.xctest */;
			productType = "com.apple.product-type.bundle.ui-testing";
		};
/* End PBXNativeTarget section */

/* Begin PBXProject section */
		091210B5299617C100C5577E /* Project object */ = {
			isa = PBXProject;
			attributes = {
				BuildIndependentTargetsInParallel = 1;
				LastSwiftUpdateCheck = 1500;
				LastUpgradeCheck = 1420;
				TargetAttributes = {
					091210BC299617C100C5577E = {
						CreatedOnToolsVersion = 14.2;
					};
					0930AD222AF1AE680004761E = {
						CreatedOnToolsVersion = 15.0.1;
						TestTargetID = 091210BC299617C100C5577E;
					};
					0930AD2F2AF1AE800004761E = {
						CreatedOnToolsVersion = 15.0.1;
						TestTargetID = 091210BC299617C100C5577E;
					};
				};
			};
			buildConfigurationList = 091210B8299617C100C5577E /* Build configuration list for PBXProject "wishkit-ios-example" */;
			compatibilityVersion = "Xcode 14.0";
			developmentRegion = en;
			hasScannedForEncodings = 0;
			knownRegions = (
				en,
				Base,
			);
			mainGroup = 091210B4299617C100C5577E;
			packageReferences = (
				091210D429961D1100C5577E /* XCRemoteSwiftPackageReference "wishkit-ios" */,
			);
			productRefGroup = 091210BE299617C100C5577E /* Products */;
			projectDirPath = "";
			projectRoot = "";
			targets = (
				091210BC299617C100C5577E /* wishkit-ios-example */,
				0930AD222AF1AE680004761E /* wishkit-ios-exampleTests */,
				0930AD2F2AF1AE800004761E /* wishkit-ios-exampleUITests */,
			);
		};
/* End PBXProject section */

/* Begin PBXResourcesBuildPhase section */
		091210BB299617C100C5577E /* Resources */ = {
			isa = PBXResourcesBuildPhase;
			buildActionMask = 2147483647;
			files = (
				091210CD299617C400C5577E /* LaunchScreen.storyboard in Resources */,
				091210CA299617C400C5577E /* Assets.xcassets in Resources */,
			);
			runOnlyForDeploymentPostprocessing = 0;
		};
		0930AD212AF1AE680004761E /* Resources */ = {
			isa = PBXResourcesBuildPhase;
			buildActionMask = 2147483647;
			files = (
			);
			runOnlyForDeploymentPostprocessing = 0;
		};
		0930AD2E2AF1AE800004761E /* Resources */ = {
			isa = PBXResourcesBuildPhase;
			buildActionMask = 2147483647;
			files = (
			);
			runOnlyForDeploymentPostprocessing = 0;
		};
/* End PBXResourcesBuildPhase section */

/* Begin PBXSourcesBuildPhase section */
		091210B9299617C100C5577E /* Sources */ = {
			isa = PBXSourcesBuildPhase;
			buildActionMask = 2147483647;
			files = (
				091398452AF1A6AC00AA46EA /* SheetExampleView.swift in Sources */,
				091210C5299617C100C5577E /* ViewController.swift in Sources */,
				09C5DECD2A75854200DDF72A /* NavigationExampleVC.swift in Sources */,
				091210C1299617C100C5577E /* AppDelegate.swift in Sources */,
				091210C3299617C100C5577E /* SceneDelegate.swift in Sources */,
			);
			runOnlyForDeploymentPostprocessing = 0;
		};
		0930AD1F2AF1AE680004761E /* Sources */ = {
			isa = PBXSourcesBuildPhase;
			buildActionMask = 2147483647;
			files = (
				0930AD262AF1AE680004761E /* wishkit_ios_exampleTests.swift in Sources */,
			);
			runOnlyForDeploymentPostprocessing = 0;
		};
		0930AD2C2AF1AE800004761E /* Sources */ = {
			isa = PBXSourcesBuildPhase;
			buildActionMask = 2147483647;
			files = (
				0930AD332AF1AE800004761E /* wishkit_ios_exampleUITests.swift in Sources */,
				0930AD352AF1AE800004761E /* wishkit_ios_exampleUITestsLaunchTests.swift in Sources */,
			);
			runOnlyForDeploymentPostprocessing = 0;
		};
/* End PBXSourcesBuildPhase section */

/* Begin PBXTargetDependency section */
		0930AD282AF1AE680004761E /* PBXTargetDependency */ = {
			isa = PBXTargetDependency;
			target = 091210BC299617C100C5577E /* wishkit-ios-example */;
			targetProxy = 0930AD272AF1AE680004761E /* PBXContainerItemProxy */;
		};
		0930AD372AF1AE800004761E /* PBXTargetDependency */ = {
			isa = PBXTargetDependency;
			target = 091210BC299617C100C5577E /* wishkit-ios-example */;
			targetProxy = 0930AD362AF1AE800004761E /* PBXContainerItemProxy */;
		};
/* End PBXTargetDependency section */

/* Begin PBXVariantGroup section */
		091210CB299617C400C5577E /* LaunchScreen.storyboard */ = {
			isa = PBXVariantGroup;
			children = (
				091210CC299617C400C5577E /* Base */,
			);
			name = LaunchScreen.storyboard;
			sourceTree = "<group>";
		};
/* End PBXVariantGroup section */

/* Begin XCBuildConfiguration section */
		091210CF299617C400C5577E /* Debug */ = {
			isa = XCBuildConfiguration;
			buildSettings = {
				ALWAYS_SEARCH_USER_PATHS = NO;
				CLANG_ANALYZER_NONNULL = YES;
				CLANG_ANALYZER_NUMBER_OBJECT_CONVERSION = YES_AGGRESSIVE;
				CLANG_CXX_LANGUAGE_STANDARD = "gnu++20";
				CLANG_ENABLE_MODULES = YES;
				CLANG_ENABLE_OBJC_ARC = YES;
				CLANG_ENABLE_OBJC_WEAK = YES;
				CLANG_WARN_BLOCK_CAPTURE_AUTORELEASING = YES;
				CLANG_WARN_BOOL_CONVERSION = YES;
				CLANG_WARN_COMMA = YES;
				CLANG_WARN_CONSTANT_CONVERSION = YES;
				CLANG_WARN_DEPRECATED_OBJC_IMPLEMENTATIONS = YES;
				CLANG_WARN_DIRECT_OBJC_ISA_USAGE = YES_ERROR;
				CLANG_WARN_DOCUMENTATION_COMMENTS = YES;
				CLANG_WARN_EMPTY_BODY = YES;
				CLANG_WARN_ENUM_CONVERSION = YES;
				CLANG_WARN_INFINITE_RECURSION = YES;
				CLANG_WARN_INT_CONVERSION = YES;
				CLANG_WARN_NON_LITERAL_NULL_CONVERSION = YES;
				CLANG_WARN_OBJC_IMPLICIT_RETAIN_SELF = YES;
				CLANG_WARN_OBJC_LITERAL_CONVERSION = YES;
				CLANG_WARN_OBJC_ROOT_CLASS = YES_ERROR;
				CLANG_WARN_QUOTED_INCLUDE_IN_FRAMEWORK_HEADER = YES;
				CLANG_WARN_RANGE_LOOP_ANALYSIS = YES;
				CLANG_WARN_STRICT_PROTOTYPES = YES;
				CLANG_WARN_SUSPICIOUS_MOVE = YES;
				CLANG_WARN_UNGUARDED_AVAILABILITY = YES_AGGRESSIVE;
				CLANG_WARN_UNREACHABLE_CODE = YES;
				CLANG_WARN__DUPLICATE_METHOD_MATCH = YES;
				COPY_PHASE_STRIP = NO;
				DEBUG_INFORMATION_FORMAT = dwarf;
				ENABLE_STRICT_OBJC_MSGSEND = YES;
				ENABLE_TESTABILITY = YES;
				GCC_C_LANGUAGE_STANDARD = gnu11;
				GCC_DYNAMIC_NO_PIC = NO;
				GCC_NO_COMMON_BLOCKS = YES;
				GCC_OPTIMIZATION_LEVEL = 0;
				GCC_PREPROCESSOR_DEFINITIONS = (
					"DEBUG=1",
					"$(inherited)",
				);
				GCC_WARN_64_TO_32_BIT_CONVERSION = YES;
				GCC_WARN_ABOUT_RETURN_TYPE = YES_ERROR;
				GCC_WARN_UNDECLARED_SELECTOR = YES;
				GCC_WARN_UNINITIALIZED_AUTOS = YES_AGGRESSIVE;
				GCC_WARN_UNUSED_FUNCTION = YES;
				GCC_WARN_UNUSED_VARIABLE = YES;
				IPHONEOS_DEPLOYMENT_TARGET = 14.0;
				MTL_ENABLE_DEBUG_INFO = INCLUDE_SOURCE;
				MTL_FAST_MATH = YES;
				ONLY_ACTIVE_ARCH = YES;
				SDKROOT = iphoneos;
				SWIFT_ACTIVE_COMPILATION_CONDITIONS = DEBUG;
				SWIFT_OPTIMIZATION_LEVEL = "-Onone";
			};
			name = Debug;
		};
		091210D0299617C400C5577E /* Release */ = {
			isa = XCBuildConfiguration;
			buildSettings = {
				ALWAYS_SEARCH_USER_PATHS = NO;
				CLANG_ANALYZER_NONNULL = YES;
				CLANG_ANALYZER_NUMBER_OBJECT_CONVERSION = YES_AGGRESSIVE;
				CLANG_CXX_LANGUAGE_STANDARD = "gnu++20";
				CLANG_ENABLE_MODULES = YES;
				CLANG_ENABLE_OBJC_ARC = YES;
				CLANG_ENABLE_OBJC_WEAK = YES;
				CLANG_WARN_BLOCK_CAPTURE_AUTORELEASING = YES;
				CLANG_WARN_BOOL_CONVERSION = YES;
				CLANG_WARN_COMMA = YES;
				CLANG_WARN_CONSTANT_CONVERSION = YES;
				CLANG_WARN_DEPRECATED_OBJC_IMPLEMENTATIONS = YES;
				CLANG_WARN_DIRECT_OBJC_ISA_USAGE = YES_ERROR;
				CLANG_WARN_DOCUMENTATION_COMMENTS = YES;
				CLANG_WARN_EMPTY_BODY = YES;
				CLANG_WARN_ENUM_CONVERSION = YES;
				CLANG_WARN_INFINITE_RECURSION = YES;
				CLANG_WARN_INT_CONVERSION = YES;
				CLANG_WARN_NON_LITERAL_NULL_CONVERSION = YES;
				CLANG_WARN_OBJC_IMPLICIT_RETAIN_SELF = YES;
				CLANG_WARN_OBJC_LITERAL_CONVERSION = YES;
				CLANG_WARN_OBJC_ROOT_CLASS = YES_ERROR;
				CLANG_WARN_QUOTED_INCLUDE_IN_FRAMEWORK_HEADER = YES;
				CLANG_WARN_RANGE_LOOP_ANALYSIS = YES;
				CLANG_WARN_STRICT_PROTOTYPES = YES;
				CLANG_WARN_SUSPICIOUS_MOVE = YES;
				CLANG_WARN_UNGUARDED_AVAILABILITY = YES_AGGRESSIVE;
				CLANG_WARN_UNREACHABLE_CODE = YES;
				CLANG_WARN__DUPLICATE_METHOD_MATCH = YES;
				COPY_PHASE_STRIP = NO;
				DEBUG_INFORMATION_FORMAT = "dwarf-with-dsym";
				ENABLE_NS_ASSERTIONS = NO;
				ENABLE_STRICT_OBJC_MSGSEND = YES;
				GCC_C_LANGUAGE_STANDARD = gnu11;
				GCC_NO_COMMON_BLOCKS = YES;
				GCC_WARN_64_TO_32_BIT_CONVERSION = YES;
				GCC_WARN_ABOUT_RETURN_TYPE = YES_ERROR;
				GCC_WARN_UNDECLARED_SELECTOR = YES;
				GCC_WARN_UNINITIALIZED_AUTOS = YES_AGGRESSIVE;
				GCC_WARN_UNUSED_FUNCTION = YES;
				GCC_WARN_UNUSED_VARIABLE = YES;
				IPHONEOS_DEPLOYMENT_TARGET = 14.0;
				MTL_ENABLE_DEBUG_INFO = NO;
				MTL_FAST_MATH = YES;
				SDKROOT = iphoneos;
				SWIFT_COMPILATION_MODE = wholemodule;
				SWIFT_OPTIMIZATION_LEVEL = "-O";
				VALIDATE_PRODUCT = YES;
			};
			name = Release;
		};
		091210D2299617C400C5577E /* Debug */ = {
			isa = XCBuildConfiguration;
			buildSettings = {
				ASSETCATALOG_COMPILER_APPICON_NAME = AppIcon;
				ASSETCATALOG_COMPILER_GLOBAL_ACCENT_COLOR_NAME = AccentColor;
				CODE_SIGN_STYLE = Automatic;
				CURRENT_PROJECT_VERSION = 1;
				DEVELOPMENT_TEAM = JLJHFZ4FU8;
				GENERATE_INFOPLIST_FILE = YES;
				INFOPLIST_FILE = "wishkit-ios-example/Info.plist";
				INFOPLIST_KEY_CFBundleDisplayName = "WishKit Example";
				INFOPLIST_KEY_UIApplicationSupportsIndirectInputEvents = YES;
				INFOPLIST_KEY_UILaunchStoryboardName = LaunchScreen;
				INFOPLIST_KEY_UISupportedInterfaceOrientations = "UIInterfaceOrientationLandscapeLeft UIInterfaceOrientationLandscapeRight UIInterfaceOrientationPortrait";
				INFOPLIST_KEY_UISupportedInterfaceOrientations_iPad = "UIInterfaceOrientationLandscapeLeft UIInterfaceOrientationLandscapeRight UIInterfaceOrientationPortrait UIInterfaceOrientationPortraitUpsideDown";
				IPHONEOS_DEPLOYMENT_TARGET = 16.0;
				LD_RUNPATH_SEARCH_PATHS = (
					"$(inherited)",
					"@executable_path/Frameworks",
				);
				MARKETING_VERSION = 1.0;
				PRODUCT_BUNDLE_IDENTIFIER = "com.martinlasek.wishkit-ios-example";
				PRODUCT_NAME = "$(TARGET_NAME)";
				SWIFT_EMIT_LOC_STRINGS = YES;
				SWIFT_VERSION = 5.0;
				TARGETED_DEVICE_FAMILY = "1,2";
			};
			name = Debug;
		};
		091210D3299617C400C5577E /* Release */ = {
			isa = XCBuildConfiguration;
			buildSettings = {
				ASSETCATALOG_COMPILER_APPICON_NAME = AppIcon;
				ASSETCATALOG_COMPILER_GLOBAL_ACCENT_COLOR_NAME = AccentColor;
				CODE_SIGN_STYLE = Automatic;
				CURRENT_PROJECT_VERSION = 1;
				DEVELOPMENT_TEAM = JLJHFZ4FU8;
				GENERATE_INFOPLIST_FILE = YES;
				INFOPLIST_FILE = "wishkit-ios-example/Info.plist";
				INFOPLIST_KEY_CFBundleDisplayName = "WishKit Example";
				INFOPLIST_KEY_UIApplicationSupportsIndirectInputEvents = YES;
				INFOPLIST_KEY_UILaunchStoryboardName = LaunchScreen;
				INFOPLIST_KEY_UISupportedInterfaceOrientations = "UIInterfaceOrientationLandscapeLeft UIInterfaceOrientationLandscapeRight UIInterfaceOrientationPortrait";
				INFOPLIST_KEY_UISupportedInterfaceOrientations_iPad = "UIInterfaceOrientationLandscapeLeft UIInterfaceOrientationLandscapeRight UIInterfaceOrientationPortrait UIInterfaceOrientationPortraitUpsideDown";
				IPHONEOS_DEPLOYMENT_TARGET = 16.0;
				LD_RUNPATH_SEARCH_PATHS = (
					"$(inherited)",
					"@executable_path/Frameworks",
				);
				MARKETING_VERSION = 1.0;
				PRODUCT_BUNDLE_IDENTIFIER = "com.martinlasek.wishkit-ios-example";
				PRODUCT_NAME = "$(TARGET_NAME)";
				SWIFT_EMIT_LOC_STRINGS = YES;
				SWIFT_VERSION = 5.0;
				TARGETED_DEVICE_FAMILY = "1,2";
			};
			name = Release;
		};
		0930AD2A2AF1AE680004761E /* Debug */ = {
			isa = XCBuildConfiguration;
			buildSettings = {
				ASSETCATALOG_COMPILER_GENERATE_SWIFT_ASSET_SYMBOL_EXTENSIONS = YES;
				BUNDLE_LOADER = "$(TEST_HOST)";
				CODE_SIGN_STYLE = Automatic;
				CURRENT_PROJECT_VERSION = 1;
				DEVELOPMENT_TEAM = JLJHFZ4FU8;
				ENABLE_USER_SCRIPT_SANDBOXING = YES;
				GCC_C_LANGUAGE_STANDARD = gnu17;
				GENERATE_INFOPLIST_FILE = YES;
				IPHONEOS_DEPLOYMENT_TARGET = 17.0;
				LOCALIZATION_PREFERS_STRING_CATALOGS = YES;
				MARKETING_VERSION = 1.0;
				PRODUCT_BUNDLE_IDENTIFIER = "com.martinlasek.wishkit-ios-exampleTests";
				PRODUCT_NAME = "$(TARGET_NAME)";
				SWIFT_ACTIVE_COMPILATION_CONDITIONS = "DEBUG $(inherited)";
				SWIFT_EMIT_LOC_STRINGS = NO;
				SWIFT_VERSION = 5.0;
				TARGETED_DEVICE_FAMILY = "1,2";
				TEST_HOST = "$(BUILT_PRODUCTS_DIR)/wishkit-ios-example.app/$(BUNDLE_EXECUTABLE_FOLDER_PATH)/wishkit-ios-example";
			};
			name = Debug;
		};
		0930AD2B2AF1AE680004761E /* Release */ = {
			isa = XCBuildConfiguration;
			buildSettings = {
				ASSETCATALOG_COMPILER_GENERATE_SWIFT_ASSET_SYMBOL_EXTENSIONS = YES;
				BUNDLE_LOADER = "$(TEST_HOST)";
				CODE_SIGN_STYLE = Automatic;
				CURRENT_PROJECT_VERSION = 1;
				DEVELOPMENT_TEAM = JLJHFZ4FU8;
				ENABLE_USER_SCRIPT_SANDBOXING = YES;
				GCC_C_LANGUAGE_STANDARD = gnu17;
				GENERATE_INFOPLIST_FILE = YES;
				IPHONEOS_DEPLOYMENT_TARGET = 17.0;
				LOCALIZATION_PREFERS_STRING_CATALOGS = YES;
				MARKETING_VERSION = 1.0;
				PRODUCT_BUNDLE_IDENTIFIER = "com.martinlasek.wishkit-ios-exampleTests";
				PRODUCT_NAME = "$(TARGET_NAME)";
				SWIFT_EMIT_LOC_STRINGS = NO;
				SWIFT_VERSION = 5.0;
				TARGETED_DEVICE_FAMILY = "1,2";
				TEST_HOST = "$(BUILT_PRODUCTS_DIR)/wishkit-ios-example.app/$(BUNDLE_EXECUTABLE_FOLDER_PATH)/wishkit-ios-example";
			};
			name = Release;
		};
		0930AD392AF1AE800004761E /* Debug */ = {
			isa = XCBuildConfiguration;
			buildSettings = {
				ASSETCATALOG_COMPILER_GENERATE_SWIFT_ASSET_SYMBOL_EXTENSIONS = YES;
				CODE_SIGN_STYLE = Automatic;
				CURRENT_PROJECT_VERSION = 1;
				DEVELOPMENT_TEAM = JLJHFZ4FU8;
				ENABLE_USER_SCRIPT_SANDBOXING = YES;
				GCC_C_LANGUAGE_STANDARD = gnu17;
				GENERATE_INFOPLIST_FILE = YES;
				IPHONEOS_DEPLOYMENT_TARGET = 17.0;
				LOCALIZATION_PREFERS_STRING_CATALOGS = YES;
				MARKETING_VERSION = 1.0;
				PRODUCT_BUNDLE_IDENTIFIER = "com.martinlasek.wishkit-ios-exampleUITests";
				PRODUCT_NAME = "$(TARGET_NAME)";
				SWIFT_ACTIVE_COMPILATION_CONDITIONS = "DEBUG $(inherited)";
				SWIFT_EMIT_LOC_STRINGS = NO;
				SWIFT_VERSION = 5.0;
				TARGETED_DEVICE_FAMILY = "1,2";
				TEST_TARGET_NAME = "wishkit-ios-example";
			};
			name = Debug;
		};
		0930AD3A2AF1AE800004761E /* Release */ = {
			isa = XCBuildConfiguration;
			buildSettings = {
				ASSETCATALOG_COMPILER_GENERATE_SWIFT_ASSET_SYMBOL_EXTENSIONS = YES;
				CODE_SIGN_STYLE = Automatic;
				CURRENT_PROJECT_VERSION = 1;
				DEVELOPMENT_TEAM = JLJHFZ4FU8;
				ENABLE_USER_SCRIPT_SANDBOXING = YES;
				GCC_C_LANGUAGE_STANDARD = gnu17;
				GENERATE_INFOPLIST_FILE = YES;
				IPHONEOS_DEPLOYMENT_TARGET = 17.0;
				LOCALIZATION_PREFERS_STRING_CATALOGS = YES;
				MARKETING_VERSION = 1.0;
				PRODUCT_BUNDLE_IDENTIFIER = "com.martinlasek.wishkit-ios-exampleUITests";
				PRODUCT_NAME = "$(TARGET_NAME)";
				SWIFT_EMIT_LOC_STRINGS = NO;
				SWIFT_VERSION = 5.0;
				TARGETED_DEVICE_FAMILY = "1,2";
				TEST_TARGET_NAME = "wishkit-ios-example";
			};
			name = Release;
		};
/* End XCBuildConfiguration section */

/* Begin XCConfigurationList section */
		091210B8299617C100C5577E /* Build configuration list for PBXProject "wishkit-ios-example" */ = {
			isa = XCConfigurationList;
			buildConfigurations = (
				091210CF299617C400C5577E /* Debug */,
				091210D0299617C400C5577E /* Release */,
			);
			defaultConfigurationIsVisible = 0;
			defaultConfigurationName = Release;
		};
		091210D1299617C400C5577E /* Build configuration list for PBXNativeTarget "wishkit-ios-example" */ = {
			isa = XCConfigurationList;
			buildConfigurations = (
				091210D2299617C400C5577E /* Debug */,
				091210D3299617C400C5577E /* Release */,
			);
			defaultConfigurationIsVisible = 0;
			defaultConfigurationName = Release;
		};
		0930AD292AF1AE680004761E /* Build configuration list for PBXNativeTarget "wishkit-ios-exampleTests" */ = {
			isa = XCConfigurationList;
			buildConfigurations = (
				0930AD2A2AF1AE680004761E /* Debug */,
				0930AD2B2AF1AE680004761E /* Release */,
			);
			defaultConfigurationIsVisible = 0;
			defaultConfigurationName = Release;
		};
		0930AD382AF1AE800004761E /* Build configuration list for PBXNativeTarget "wishkit-ios-exampleUITests" */ = {
			isa = XCConfigurationList;
			buildConfigurations = (
				0930AD392AF1AE800004761E /* Debug */,
				0930AD3A2AF1AE800004761E /* Release */,
			);
			defaultConfigurationIsVisible = 0;
			defaultConfigurationName = Release;
		};
/* End XCConfigurationList section */

/* Begin XCRemoteSwiftPackageReference section */
		091210D429961D1100C5577E /* XCRemoteSwiftPackageReference "wishkit-ios" */ = {
			isa = XCRemoteSwiftPackageReference;
			repositoryURL = "https://github.com/wishkit/wishkit-ios.git";
			requirement = {
				kind = upToNextMajorVersion;
				minimumVersion = 4.0.0;
			};
		};
/* End XCRemoteSwiftPackageReference section */

/* Begin XCSwiftPackageProductDependency section */
		091210D529961D1100C5577E /* WishKit */ = {
			isa = XCSwiftPackageProductDependency;
			package = 091210D429961D1100C5577E /* XCRemoteSwiftPackageReference "wishkit-ios" */;
			productName = WishKit;
		};
/* End XCSwiftPackageProductDependency section */
	};
	rootObject = 091210B5299617C100C5577E /* Project object */;
}
