{
  "pins" : [
    {
      "identity" : "wishkit-ios-shared",
      "kind" : "remoteSourceControl",
      "location" : "https://github.com/wishkit/wishkit-ios-shared.git",
      "state" : {
        "revision" : "118c9c482e4ad57c65d664283516425b98616483",
        "version" : "1.4.3"
      }
    }
  ],
  "version" : 2
}
